
Microsoft Visual Studio Solution File, Format Version 12.00
# Visual Studio Version 16
VisualStudioVersion = 16.0.30413.136
MinimumVisualStudioVersion = 10.0.40219.1
Project("{8BC9CEB8-8B4A-11D0-8D11-00A0C91BC942}") = "Lab 2", "Lab 2\Lab 2.vcxproj", "{59E77193-D14A-4F94-A395-95CB8B0BA708}"
EndProject
Project("{2150E333-8FDC-42A3-9474-1A3956D46DE8}") = "Solution Items", "Solution Items", "{4ADD9FA3-F285-48EB-8E31-B94AA63AAD37}"
	ProjectSection(SolutionItems) = preProject
		Lab 2\Lab 2 Sparse Matrix Input.txt = Lab 2\Lab 2 Sparse Matrix Input.txt
		Lab 2\Lab 2 Sparse Matrix Ouput.txt = Lab 2\Lab 2 Sparse Matrix Ouput.txt
	EndProjectSection
EndProject
Global
	GlobalSection(SolutionConfigurationPlatforms) = preSolution
		Debug|x64 = Debug|x64
		Debug|x86 = Debug|x86
		Release|x64 = Release|x64
		Release|x86 = Release|x86
	EndGlobalSection
	GlobalSection(ProjectConfigurationPlatforms) = postSolution
		{59E77193-D14A-4F94-A395-95CB8B0BA708}.Debug|x64.ActiveCfg = Debug|x64
		{59E77193-D14A-4F94-A395-95CB8B0BA708}.Debug|x64.Build.0 = Debug|x64
		{59E77193-D14A-4F94-A395-95CB8B0BA708}.Debug|x86.ActiveCfg = Debug|Win32
		{59E77193-D14A-4F94-A395-95CB8B0BA708}.Debug|x86.Build.0 = Debug|Win32
		{59E77193-D14A-4F94-A395-95CB8B0BA708}.Release|x64.ActiveCfg = Release|x64
		{59E77193-D14A-4F94-A395-95CB8B0BA708}.Release|x64.Build.0 = Release|x64
		{59E77193-D14A-4F94-A395-95CB8B0BA708}.Release|x86.ActiveCfg = Release|Win32
		{59E77193-D14A-4F94-A395-95CB8B0BA708}.Release|x86.Build.0 = Release|Win32
	EndGlobalSection
	GlobalSection(SolutionProperties) = preSolution
		HideSolutionNode = FALSE
	EndGlobalSection
	GlobalSection(ExtensibilityGlobals) = postSolution
		SolutionGuid = {5EB419EE-D55F-48DA-8D1F-E9C12CE23AF6}
	EndGlobalSection
	GlobalSection(TeamFoundationVersionControl) = preSolution
		SccNumberOfProjects = 2
		SccEnterpriseProvider = {4CA58AB2-18FA-4F8D-95D4-32DDF27D184C}
		SccTeamFoundationServer = https://tfs.cset.oit.edu/cst136oop
		SccLocalPath0 = .
		SccProjectUniqueName1 = Lab\u00202\\Lab\u00202.vcxproj
		SccProjectName1 = Lab\u00202
		SccLocalPath1 = Lab\u00202
	EndGlobalSection
EndGlobal
